
Microsoft Visual Studio Solution File, Format Version 12.00
# Visual Studio Version 16
VisualStudioVersion = 16.0.32602.291
MinimumVisualStudioVersion = 10.0.40219.1
Project("{FAE04EC0-301F-11D3-BF4B-00C04F79EFBC}") = "CRUDusingDrapperFremwork", "CRUDusingDrapperFremwork\CRUDusingDrapperFremwork.csproj", "{41927005-7606-426F-8E32-B43B1B5018CA}"
EndProject
Global
	GlobalSection(SolutionConfigurationPlatforms) = preSolution
		Debug|Any CPU = Debug|Any CPU
		Release|Any CPU = Release|Any CPU
	EndGlobalSection
	GlobalSection(ProjectConfigurationPlatforms) = postSolution
		{41927005-7606-426F-8E32-B43B1B5018CA}.Debug|Any CPU.ActiveCfg = Debug|Any CPU
		{41927005-7606-426F-8E32-B43B1B5018CA}.Debug|Any CPU.Build.0 = Debug|Any CPU
		{41927005-7606-426F-8E32-B43B1B5018CA}.Release|Any CPU.ActiveCfg = Release|Any CPU
		{41927005-7606-426F-8E32-B43B1B5018CA}.Release|Any CPU.Build.0 = Release|Any CPU
	EndGlobalSection
	GlobalSection(SolutionProperties) = preSolution
		HideSolutionNode = FALSE
	EndGlobalSection
	GlobalSection(ExtensibilityGlobals) = postSolution
		SolutionGuid = {C824DA68-FA91-43D9-B879-E65C170D6D1E}
	EndGlobalSection
EndGlobal
